// !$*UTF8*$!
{
	archiveVersion = 1;
	classes = {
	};
	objectVersion = 56;
	objects = {

/* Begin PBXBuildFile section */
		BDB5BB002A2B7E5700B16C57 /* GoalsApp.swift in Sources */ = {isa = PBXBuildFile; fileRef = BDB5BAFF2A2B7E5700B16C57 /* GoalsApp.swift */; };
		BDB5BB042A2B7E5800B16C57 /* Assets.xcassets in Resources */ = {isa = PBXBuildFile; fileRef = BDB5BB032A2B7E5800B16C57 /* Assets.xcassets */; };
		BDB5BB072A2B7E5800B16C57 /* Preview Assets.xcassets in Resources */ = {isa = PBXBuildFile; fileRef = BDB5BB062A2B7E5800B16C57 /* Preview Assets.xcassets */; };
		BDB5BB0E2A2B7E7500B16C57 /* Goal.swift in Sources */ = {isa = PBXBuildFile; fileRef = BDB5BB0D2A2B7E7500B16C57 /* Goal.swift */; };
		BDB5BB112A2B7EBA00B16C57 /* Realm in Frameworks */ = {isa = PBXBuildFile; productRef = BDB5BB102A2B7EBA00B16C57 /* Realm */; };
		BDB5BB132A2B7EBA00B16C57 /* RealmSwift in Frameworks */ = {isa = PBXBuildFile; productRef = BDB5BB122A2B7EBA00B16C57 /* RealmSwift */; };
		BDB5BB152A2B80BD00B16C57 /* GoalViewModel.swift in Sources */ = {isa = PBXBuildFile; fileRef = BDB5BB142A2B80BD00B16C57 /* GoalViewModel.swift */; };
		BDB5BB192A2B82B400B16C57 /* GoalListView.swift in Sources */ = {isa = PBXBuildFile; fileRef = BDB5BB182A2B82B400B16C57 /* GoalListView.swift */; };
		BDB5BB1B2A2B88AC00B16C57 /* GoalDetailView.swift in Sources */ = {isa = PBXBuildFile; fileRef = BDB5BB1A2A2B88AC00B16C57 /* GoalDetailView.swift */; };
		BDB5BB1D2A2C91FA00B16C57 /* GoalAddView.swift in Sources */ = {isa = PBXBuildFile; fileRef = BDB5BB1C2A2C91FA00B16C57 /* GoalAddView.swift */; };
		BDB5BB212A2CB49C00B16C57 /* StatTabView.swift in Sources */ = {isa = PBXBuildFile; fileRef = BDB5BB202A2CB49C00B16C57 /* StatTabView.swift */; };
		BDB5BB272A2CB5E200B16C57 /* SettingsView.swift in Sources */ = {isa = PBXBuildFile; fileRef = BDB5BB262A2CB5E200B16C57 /* SettingsView.swift */; };
		BDB5BB2B2A2CB67000B16C57 /* InstructionsView.swift in Sources */ = {isa = PBXBuildFile; fileRef = BDB5BB2A2A2CB67000B16C57 /* InstructionsView.swift */; };
		BDB5BB382A2E46B700B16C57 /* NotesView.swift in Sources */ = {isa = PBXBuildFile; fileRef = BDB5BB372A2E46B600B16C57 /* NotesView.swift */; };
		BDB5BB3C2A2E5D3100B16C57 /* NoteInputView.swift in Sources */ = {isa = PBXBuildFile; fileRef = BDB5BB3B2A2E5D3100B16C57 /* NoteInputView.swift */; };
		BDB5BB3E2A2E5F9200B16C57 /* Note.swift in Sources */ = {isa = PBXBuildFile; fileRef = BDB5BB3D2A2E5F9200B16C57 /* Note.swift */; };
		BDB5BB412A34B54900B16C57 /* L10n-swift in Frameworks */ = {isa = PBXBuildFile; productRef = BDB5BB402A34B54900B16C57 /* L10n-swift */; };
		BDB5BB442A34B84300B16C57 /* Localizable.strings in Resources */ = {isa = PBXBuildFile; fileRef = BDB5BB462A34B84300B16C57 /* Localizable.strings */; };
		BDB5BB4B2A34BA4500B16C57 /* Strings+Generated.swift in Sources */ = {isa = PBXBuildFile; fileRef = BDB5BB4A2A34BA4500B16C57 /* Strings+Generated.swift */; };
/* End PBXBuildFile section */

/* Begin PBXFileReference section */
		BD4F0D582A366FC20070BFA0 /* Info.plist */ = {isa = PBXFileReference; lastKnownFileType = text.plist; path = Info.plist; sourceTree = "<group>"; };
		BDB5BAFC2A2B7E5700B16C57 /* Goals.app */ = {isa = PBXFileReference; explicitFileType = wrapper.application; includeInIndex = 0; path = Goals.app; sourceTree = BUILT_PRODUCTS_DIR; };
		BDB5BAFF2A2B7E5700B16C57 /* GoalsApp.swift */ = {isa = PBXFileReference; lastKnownFileType = sourcecode.swift; path = GoalsApp.swift; sourceTree = "<group>"; };
		BDB5BB032A2B7E5800B16C57 /* Assets.xcassets */ = {isa = PBXFileReference; lastKnownFileType = folder.assetcatalog; path = Assets.xcassets; sourceTree = "<group>"; };
		BDB5BB062A2B7E5800B16C57 /* Preview Assets.xcassets */ = {isa = PBXFileReference; lastKnownFileType = folder.assetcatalog; path = "Preview Assets.xcassets"; sourceTree = "<group>"; };
		BDB5BB0D2A2B7E7500B16C57 /* Goal.swift */ = {isa = PBXFileReference; lastKnownFileType = sourcecode.swift; path = Goal.swift; sourceTree = "<group>"; };
		BDB5BB142A2B80BD00B16C57 /* GoalViewModel.swift */ = {isa = PBXFileReference; lastKnownFileType = sourcecode.swift; path = GoalViewModel.swift; sourceTree = "<group>"; };
		BDB5BB182A2B82B400B16C57 /* GoalListView.swift */ = {isa = PBXFileReference; lastKnownFileType = sourcecode.swift; path = GoalListView.swift; sourceTree = "<group>"; };
		BDB5BB1A2A2B88AC00B16C57 /* GoalDetailView.swift */ = {isa = PBXFileReference; lastKnownFileType = sourcecode.swift; path = GoalDetailView.swift; sourceTree = "<group>"; };
		BDB5BB1C2A2C91FA00B16C57 /* GoalAddView.swift */ = {isa = PBXFileReference; lastKnownFileType = sourcecode.swift; path = GoalAddView.swift; sourceTree = "<group>"; };
		BDB5BB202A2CB49C00B16C57 /* StatTabView.swift */ = {isa = PBXFileReference; lastKnownFileType = sourcecode.swift; path = StatTabView.swift; sourceTree = "<group>"; };
		BDB5BB262A2CB5E200B16C57 /* SettingsView.swift */ = {isa = PBXFileReference; lastKnownFileType = sourcecode.swift; path = SettingsView.swift; sourceTree = "<group>"; };
		BDB5BB2A2A2CB67000B16C57 /* InstructionsView.swift */ = {isa = PBXFileReference; lastKnownFileType = sourcecode.swift; path = InstructionsView.swift; sourceTree = "<group>"; };
		BDB5BB372A2E46B600B16C57 /* NotesView.swift */ = {isa = PBXFileReference; lastKnownFileType = sourcecode.swift; path = NotesView.swift; sourceTree = "<group>"; };
		BDB5BB3B2A2E5D3100B16C57 /* NoteInputView.swift */ = {isa = PBXFileReference; lastKnownFileType = sourcecode.swift; path = NoteInputView.swift; sourceTree = "<group>"; };
		BDB5BB3D2A2E5F9200B16C57 /* Note.swift */ = {isa = PBXFileReference; lastKnownFileType = sourcecode.swift; path = Note.swift; sourceTree = "<group>"; };
		BDB5BB452A34B84300B16C57 /* en */ = {isa = PBXFileReference; lastKnownFileType = text.plist.strings; name = en; path = en.lproj/Localizable.strings; sourceTree = "<group>"; };
		BDB5BB492A34B8AA00B16C57 /* pl */ = {isa = PBXFileReference; lastKnownFileType = text.plist.strings; name = pl; path = pl.lproj/Localizable.strings; sourceTree = "<group>"; };
		BDB5BB4A2A34BA4500B16C57 /* Strings+Generated.swift */ = {isa = PBXFileReference; fileEncoding = 4; lastKnownFileType = sourcecode.swift; path = "Strings+Generated.swift"; sourceTree = "<group>"; };
/* End PBXFileReference section */

/* Begin PBXFrameworksBuildPhase section */
		BDB5BAF92A2B7E5700B16C57 /* Frameworks */ = {
			isa = PBXFrameworksBuildPhase;
			buildActionMask = 2147483647;
			files = (
				BDB5BB132A2B7EBA00B16C57 /* RealmSwift in Frameworks */,
				BDB5BB412A34B54900B16C57 /* L10n-swift in Frameworks */,
				BDB5BB112A2B7EBA00B16C57 /* Realm in Frameworks */,
			);
			runOnlyForDeploymentPostprocessing = 0;
		};
/* End PBXFrameworksBuildPhase section */

/* Begin PBXGroup section */
		BDB5BAF32A2B7E5600B16C57 = {
			isa = PBXGroup;
			children = (
				BDB5BAFE2A2B7E5700B16C57 /* Goals */,
				BDB5BAFD2A2B7E5700B16C57 /* Products */,
			);
			sourceTree = "<group>";
		};
		BDB5BAFD2A2B7E5700B16C57 /* Products */ = {
			isa = PBXGroup;
			children = (
				BDB5BAFC2A2B7E5700B16C57 /* Goals.app */,
			);
			name = Products;
			sourceTree = "<group>";
		};
		BDB5BAFE2A2B7E5700B16C57 /* Goals */ = {
			isa = PBXGroup;
			children = (
				BD4F0D582A366FC20070BFA0 /* Info.plist */,
				BDB5BAFF2A2B7E5700B16C57 /* GoalsApp.swift */,
				BDB5BB1E2A2CB43300B16C57 /* Model */,
				BDB5BB1F2A2CB47500B16C57 /* Views */,
				BDB5BB4A2A34BA4500B16C57 /* Strings+Generated.swift */,
				BDB5BB032A2B7E5800B16C57 /* Assets.xcassets */,
				BDB5BB052A2B7E5800B16C57 /* Preview Content */,
				BDB5BB462A34B84300B16C57 /* Localizable.strings */,
			);
			path = Goals;
			sourceTree = "<group>";
		};
		BDB5BB052A2B7E5800B16C57 /* Preview Content */ = {
			isa = PBXGroup;
			children = (
				BDB5BB062A2B7E5800B16C57 /* Preview Assets.xcassets */,
			);
			path = "Preview Content";
			sourceTree = "<group>";
		};
		BDB5BB1E2A2CB43300B16C57 /* Model */ = {
			isa = PBXGroup;
			children = (
				BDB5BB0D2A2B7E7500B16C57 /* Goal.swift */,
				BDB5BB142A2B80BD00B16C57 /* GoalViewModel.swift */,
				BDB5BB3D2A2E5F9200B16C57 /* Note.swift */,
			);
			path = Model;
			sourceTree = "<group>";
		};
		BDB5BB1F2A2CB47500B16C57 /* Views */ = {
			isa = PBXGroup;
			children = (
				BDB5BB202A2CB49C00B16C57 /* StatTabView.swift */,
				BDB5BB232A2CB4C600B16C57 /* GoalsListView */,
				BDB5BB222A2CB4B300B16C57 /* AddGoalView */,
				BDB5BB242A2CB4DF00B16C57 /* GoalsDetailsView */,
				BDB5BB252A2CB50400B16C57 /* SettingsView */,
			);
			path = Views;
			sourceTree = "<group>";
		};
		BDB5BB222A2CB4B300B16C57 /* AddGoalView */ = {
			isa = PBXGroup;
			children = (
				BDB5BB1C2A2C91FA00B16C57 /* GoalAddView.swift */,
			);
			path = AddGoalView;
			sourceTree = "<group>";
		};
		BDB5BB232A2CB4C600B16C57 /* GoalsListView */ = {
			isa = PBXGroup;
			children = (
				BDB5BB182A2B82B400B16C57 /* GoalListView.swift */,
			);
			path = GoalsListView;
			sourceTree = "<group>";
		};
		BDB5BB242A2CB4DF00B16C57 /* GoalsDetailsView */ = {
			isa = PBXGroup;
			children = (
				BDB5BB352A2E465600B16C57 /* NotesView */,
				BDB5BB1A2A2B88AC00B16C57 /* GoalDetailView.swift */,
			);
			path = GoalsDetailsView;
			sourceTree = "<group>";
		};
		BDB5BB252A2CB50400B16C57 /* SettingsView */ = {
			isa = PBXGroup;
			children = (
				BDB5BB282A2CB65800B16C57 /* HowToUseThisApp */,
				BDB5BB262A2CB5E200B16C57 /* SettingsView.swift */,
			);
			path = SettingsView;
			sourceTree = "<group>";
		};
		BDB5BB282A2CB65800B16C57 /* HowToUseThisApp */ = {
			isa = PBXGroup;
			children = (
				BDB5BB2A2A2CB67000B16C57 /* InstructionsView.swift */,
			);
			path = HowToUseThisApp;
			sourceTree = "<group>";
		};
		BDB5BB352A2E465600B16C57 /* NotesView */ = {
			isa = PBXGroup;
			children = (
				BDB5BB372A2E46B600B16C57 /* NotesView.swift */,
				BDB5BB3B2A2E5D3100B16C57 /* NoteInputView.swift */,
			);
			path = NotesView;
			sourceTree = "<group>";
		};
/* End PBXGroup section */

/* Begin PBXNativeTarget section */
		BDB5BAFB2A2B7E5700B16C57 /* Goals */ = {
			isa = PBXNativeTarget;
			buildConfigurationList = BDB5BB0A2A2B7E5800B16C57 /* Build configuration list for PBXNativeTarget "Goals" */;
			buildPhases = (
				BDB5BAF82A2B7E5700B16C57 /* Sources */,
				BDB5BAF92A2B7E5700B16C57 /* Frameworks */,
				BDB5BAFA2A2B7E5700B16C57 /* Resources */,
			);
			buildRules = (
			);
			dependencies = (
			);
			name = Goals;
			packageProductDependencies = (
				BDB5BB102A2B7EBA00B16C57 /* Realm */,
				BDB5BB122A2B7EBA00B16C57 /* RealmSwift */,
				BDB5BB402A34B54900B16C57 /* L10n-swift */,
			);
			productName = Goals;
			productReference = BDB5BAFC2A2B7E5700B16C57 /* Goals.app */;
			productType = "com.apple.product-type.application";
		};
/* End PBXNativeTarget section */

/* Begin PBXProject section */
		BDB5BAF42A2B7E5600B16C57 /* Project object */ = {
			isa = PBXProject;
			attributes = {
				BuildIndependentTargetsInParallel = 1;
				LastSwiftUpdateCheck = 1430;
				LastUpgradeCheck = 1430;
				TargetAttributes = {
					BDB5BAFB2A2B7E5700B16C57 = {
						CreatedOnToolsVersion = 14.3;
					};
				};
			};
			buildConfigurationList = BDB5BAF72A2B7E5600B16C57 /* Build configuration list for PBXProject "Goals" */;
			compatibilityVersion = "Xcode 14.0";
			developmentRegion = en;
			hasScannedForEncodings = 0;
			knownRegions = (
				en,
				Base,
				pl,
			);
			mainGroup = BDB5BAF32A2B7E5600B16C57;
			packageReferences = (
				BDB5BB0F2A2B7EBA00B16C57 /* XCRemoteSwiftPackageReference "realm-swift" */,
				BDB5BB3F2A34B54900B16C57 /* XCRemoteSwiftPackageReference "L10n-swift" */,
			);
			productRefGroup = BDB5BAFD2A2B7E5700B16C57 /* Products */;
			projectDirPath = "";
			projectRoot = "";
			targets = (
				BDB5BAFB2A2B7E5700B16C57 /* Goals */,
			);
		};
/* End PBXProject section */

/* Begin PBXResourcesBuildPhase section */
		BDB5BAFA2A2B7E5700B16C57 /* Resources */ = {
			isa = PBXResourcesBuildPhase;
			buildActionMask = 2147483647;
			files = (
				BDB5BB072A2B7E5800B16C57 /* Preview Assets.xcassets in Resources */,
				BDB5BB442A34B84300B16C57 /* Localizable.strings in Resources */,
				BDB5BB042A2B7E5800B16C57 /* Assets.xcassets in Resources */,
			);
			runOnlyForDeploymentPostprocessing = 0;
		};
/* End PBXResourcesBuildPhase section */

/* Begin PBXSourcesBuildPhase section */
		BDB5BAF82A2B7E5700B16C57 /* Sources */ = {
			isa = PBXSourcesBuildPhase;
			buildActionMask = 2147483647;
			files = (
				BDB5BB1B2A2B88AC00B16C57 /* GoalDetailView.swift in Sources */,
				BDB5BB272A2CB5E200B16C57 /* SettingsView.swift in Sources */,
				BDB5BB212A2CB49C00B16C57 /* StatTabView.swift in Sources */,
				BDB5BB192A2B82B400B16C57 /* GoalListView.swift in Sources */,
				BDB5BB152A2B80BD00B16C57 /* GoalViewModel.swift in Sources */,
				BDB5BB382A2E46B700B16C57 /* NotesView.swift in Sources */,
				BDB5BB3C2A2E5D3100B16C57 /* NoteInputView.swift in Sources */,
				BDB5BB1D2A2C91FA00B16C57 /* GoalAddView.swift in Sources */,
				BDB5BB3E2A2E5F9200B16C57 /* Note.swift in Sources */,
				BDB5BB0E2A2B7E7500B16C57 /* Goal.swift in Sources */,
				BDB5BB4B2A34BA4500B16C57 /* Strings+Generated.swift in Sources */,
				BDB5BB2B2A2CB67000B16C57 /* InstructionsView.swift in Sources */,
				BDB5BB002A2B7E5700B16C57 /* GoalsApp.swift in Sources */,
			);
			runOnlyForDeploymentPostprocessing = 0;
		};
/* End PBXSourcesBuildPhase section */

/* Begin PBXVariantGroup section */
		BDB5BB462A34B84300B16C57 /* Localizable.strings */ = {
			isa = PBXVariantGroup;
			children = (
				BDB5BB452A34B84300B16C57 /* en */,
				BDB5BB492A34B8AA00B16C57 /* pl */,
			);
			name = Localizable.strings;
			sourceTree = "<group>";
		};
/* End PBXVariantGroup section */

/* Begin XCBuildConfiguration section */
		BDB5BB082A2B7E5800B16C57 /* Debug */ = {
			isa = XCBuildConfiguration;
			buildSettings = {
				ALWAYS_SEARCH_USER_PATHS = NO;
				CLANG_ANALYZER_LOCALIZABILITY_NONLOCALIZED = YES;
				CLANG_ANALYZER_NONNULL = YES;
				CLANG_ANALYZER_NUMBER_OBJECT_CONVERSION = YES_AGGRESSIVE;
				CLANG_CXX_LANGUAGE_STANDARD = "gnu++20";
				CLANG_ENABLE_MODULES = YES;
				CLANG_ENABLE_OBJC_ARC = YES;
				CLANG_ENABLE_OBJC_WEAK = YES;
				CLANG_WARN_BLOCK_CAPTURE_AUTORELEASING = YES;
				CLANG_WARN_BOOL_CONVERSION = YES;
				CLANG_WARN_COMMA = YES;
				CLANG_WARN_CONSTANT_CONVERSION = YES;
				CLANG_WARN_DEPRECATED_OBJC_IMPLEMENTATIONS = YES;
				CLANG_WARN_DIRECT_OBJC_ISA_USAGE = YES_ERROR;
				CLANG_WARN_DOCUMENTATION_COMMENTS = YES;
				CLANG_WARN_EMPTY_BODY = YES;
				CLANG_WARN_ENUM_CONVERSION = YES;
				CLANG_WARN_INFINITE_RECURSION = YES;
				CLANG_WARN_INT_CONVERSION = YES;
				CLANG_WARN_NON_LITERAL_NULL_CONVERSION = YES;
				CLANG_WARN_OBJC_IMPLICIT_RETAIN_SELF = YES;
				CLANG_WARN_OBJC_LITERAL_CONVERSION = YES;
				CLANG_WARN_OBJC_ROOT_CLASS = YES_ERROR;
				CLANG_WARN_QUOTED_INCLUDE_IN_FRAMEWORK_HEADER = YES;
				CLANG_WARN_RANGE_LOOP_ANALYSIS = YES;
				CLANG_WARN_STRICT_PROTOTYPES = YES;
				CLANG_WARN_SUSPICIOUS_MOVE = YES;
				CLANG_WARN_UNGUARDED_AVAILABILITY = YES_AGGRESSIVE;
				CLANG_WARN_UNREACHABLE_CODE = YES;
				CLANG_WARN__DUPLICATE_METHOD_MATCH = YES;
				COPY_PHASE_STRIP = NO;
				DEBUG_INFORMATION_FORMAT = dwarf;
				ENABLE_STRICT_OBJC_MSGSEND = YES;
				ENABLE_TESTABILITY = YES;
				GCC_C_LANGUAGE_STANDARD = gnu11;
				GCC_DYNAMIC_NO_PIC = NO;
				GCC_NO_COMMON_BLOCKS = YES;
				GCC_OPTIMIZATION_LEVEL = 0;
				GCC_PREPROCESSOR_DEFINITIONS = (
					"DEBUG=1",
					"$(inherited)",
				);
				GCC_WARN_64_TO_32_BIT_CONVERSION = YES;
				GCC_WARN_ABOUT_RETURN_TYPE = YES_ERROR;
				GCC_WARN_UNDECLARED_SELECTOR = YES;
				GCC_WARN_UNINITIALIZED_AUTOS = YES_AGGRESSIVE;
				GCC_WARN_UNUSED_FUNCTION = YES;
				GCC_WARN_UNUSED_VARIABLE = YES;
				IPHONEOS_DEPLOYMENT_TARGET = 16.4;
				MTL_ENABLE_DEBUG_INFO = INCLUDE_SOURCE;
				MTL_FAST_MATH = YES;
				ONLY_ACTIVE_ARCH = YES;
				SDKROOT = iphoneos;
				SWIFT_ACTIVE_COMPILATION_CONDITIONS = DEBUG;
				SWIFT_OPTIMIZATION_LEVEL = "-Onone";
			};
			name = Debug;
		};
		BDB5BB092A2B7E5800B16C57 /* Release */ = {
			isa = XCBuildConfiguration;
			buildSettings = {
				ALWAYS_SEARCH_USER_PATHS = NO;
				CLANG_ANALYZER_LOCALIZABILITY_NONLOCALIZED = YES;
				CLANG_ANALYZER_NONNULL = YES;
				CLANG_ANALYZER_NUMBER_OBJECT_CONVERSION = YES_AGGRESSIVE;
				CLANG_CXX_LANGUAGE_STANDARD = "gnu++20";
				CLANG_ENABLE_MODULES = YES;
				CLANG_ENABLE_OBJC_ARC = YES;
				CLANG_ENABLE_OBJC_WEAK = YES;
				CLANG_WARN_BLOCK_CAPTURE_AUTORELEASING = YES;
				CLANG_WARN_BOOL_CONVERSION = YES;
				CLANG_WARN_COMMA = YES;
				CLANG_WARN_CONSTANT_CONVERSION = YES;
				CLANG_WARN_DEPRECATED_OBJC_IMPLEMENTATIONS = YES;
				CLANG_WARN_DIRECT_OBJC_ISA_USAGE = YES_ERROR;
				CLANG_WARN_DOCUMENTATION_COMMENTS = YES;
				CLANG_WARN_EMPTY_BODY = YES;
				CLANG_WARN_ENUM_CONVERSION = YES;
				CLANG_WARN_INFINITE_RECURSION = YES;
				CLANG_WARN_INT_CONVERSION = YES;
				CLANG_WARN_NON_LITERAL_NULL_CONVERSION = YES;
				CLANG_WARN_OBJC_IMPLICIT_RETAIN_SELF = YES;
				CLANG_WARN_OBJC_LITERAL_CONVERSION = YES;
				CLANG_WARN_OBJC_ROOT_CLASS = YES_ERROR;
				CLANG_WARN_QUOTED_INCLUDE_IN_FRAMEWORK_HEADER = YES;
				CLANG_WARN_RANGE_LOOP_ANALYSIS = YES;
				CLANG_WARN_STRICT_PROTOTYPES = YES;
				CLANG_WARN_SUSPICIOUS_MOVE = YES;
				CLANG_WARN_UNGUARDED_AVAILABILITY = YES_AGGRESSIVE;
				CLANG_WARN_UNREACHABLE_CODE = YES;
				CLANG_WARN__DUPLICATE_METHOD_MATCH = YES;
				COPY_PHASE_STRIP = NO;
				DEBUG_INFORMATION_FORMAT = "dwarf-with-dsym";
				ENABLE_NS_ASSERTIONS = NO;
				ENABLE_STRICT_OBJC_MSGSEND = YES;
				GCC_C_LANGUAGE_STANDARD = gnu11;
				GCC_NO_COMMON_BLOCKS = YES;
				GCC_WARN_64_TO_32_BIT_CONVERSION = YES;
				GCC_WARN_ABOUT_RETURN_TYPE = YES_ERROR;
				GCC_WARN_UNDECLARED_SELECTOR = YES;
				GCC_WARN_UNINITIALIZED_AUTOS = YES_AGGRESSIVE;
				GCC_WARN_UNUSED_FUNCTION = YES;
				GCC_WARN_UNUSED_VARIABLE = YES;
				IPHONEOS_DEPLOYMENT_TARGET = 16.4;
				MTL_ENABLE_DEBUG_INFO = NO;
				MTL_FAST_MATH = YES;
				SDKROOT = iphoneos;
				SWIFT_COMPILATION_MODE = wholemodule;
				SWIFT_OPTIMIZATION_LEVEL = "-O";
				VALIDATE_PRODUCT = YES;
			};
			name = Release;
		};
		BDB5BB0B2A2B7E5800B16C57 /* Debug */ = {
			isa = XCBuildConfiguration;
			buildSettings = {
				ASSETCATALOG_COMPILER_APPICON_NAME = AppIcon;
				ASSETCATALOG_COMPILER_GLOBAL_ACCENT_COLOR_NAME = AccentColor;
				CODE_SIGN_STYLE = Automatic;
				CURRENT_PROJECT_VERSION = 1;
				DEVELOPMENT_ASSET_PATHS = "\"Goals/Preview Content\"";
				DEVELOPMENT_TEAM = 729RS4Z3AS;
				ENABLE_PREVIEWS = YES;
				GENERATE_INFOPLIST_FILE = YES;
				INFOPLIST_FILE = Goals/Info.plist;
				INFOPLIST_KEY_CFBundleDisplayName = Levels;
				INFOPLIST_KEY_LSApplicationCategoryType = "public.app-category.productivity";
				INFOPLIST_KEY_NSPhotoLibraryUsageDescription = "Our app requires access to your photo library to allow you to select a photo for your goal progress.";
				INFOPLIST_KEY_UIApplicationSceneManifest_Generation = YES;
				INFOPLIST_KEY_UIApplicationSupportsIndirectInputEvents = YES;
				INFOPLIST_KEY_UILaunchScreen_Generation = YES;
				INFOPLIST_KEY_UISupportedInterfaceOrientations_iPad = "UIInterfaceOrientationPortrait UIInterfaceOrientationPortraitUpsideDown UIInterfaceOrientationLandscapeLeft UIInterfaceOrientationLandscapeRight";
				INFOPLIST_KEY_UISupportedInterfaceOrientations_iPhone = "UIInterfaceOrientationPortrait UIInterfaceOrientationLandscapeLeft UIInterfaceOrientationLandscapeRight";
				LD_RUNPATH_SEARCH_PATHS = (
					"$(inherited)",
					"@executable_path/Frameworks",
				);
				MARKETING_VERSION = 1.0;
				PRODUCT_BUNDLE_IDENTIFIER = io.dawlab.Goals;
				PRODUCT_NAME = "$(TARGET_NAME)";
				SUPPORTED_PLATFORMS = "iphoneos iphonesimulator";
				SUPPORTS_MACCATALYST = NO;
				SUPPORTS_MAC_DESIGNED_FOR_IPHONE_IPAD = NO;
				SWIFT_EMIT_LOC_STRINGS = YES;
				SWIFT_VERSION = 5.0;
				TARGETED_DEVICE_FAMILY = 1;
			};
			name = Debug;
		};
		BDB5BB0C2A2B7E5800B16C57 /* Release */ = {
			isa = XCBuildConfiguration;
			buildSettings = {
				ASSETCATALOG_COMPILER_APPICON_NAME = AppIcon;
				ASSETCATALOG_COMPILER_GLOBAL_ACCENT_COLOR_NAME = AccentColor;
				CODE_SIGN_STYLE = Automatic;
				CURRENT_PROJECT_VERSION = 1;
				DEVELOPMENT_ASSET_PATHS = "\"Goals/Preview Content\"";
				DEVELOPMENT_TEAM = 729RS4Z3AS;
				ENABLE_PREVIEWS = YES;
				GENERATE_INFOPLIST_FILE = YES;
				INFOPLIST_FILE = Goals/Info.plist;
				INFOPLIST_KEY_CFBundleDisplayName = Levels;
				INFOPLIST_KEY_LSApplicationCategoryType = "public.app-category.productivity";
				INFOPLIST_KEY_NSPhotoLibraryUsageDescription = "Our app requires access to your photo library to allow you to select a photo for your goal progress.";
				INFOPLIST_KEY_UIApplicationSceneManifest_Generation = YES;
				INFOPLIST_KEY_UIApplicationSupportsIndirectInputEvents = YES;
				INFOPLIST_KEY_UILaunchScreen_Generation = YES;
				INFOPLIST_KEY_UISupportedInterfaceOrientations_iPad = "UIInterfaceOrientationPortrait UIInterfaceOrientationPortraitUpsideDown UIInterfaceOrientationLandscapeLeft UIInterfaceOrientationLandscapeRight";
				INFOPLIST_KEY_UISupportedInterfaceOrientations_iPhone = "UIInterfaceOrientationPortrait UIInterfaceOrientationLandscapeLeft UIInterfaceOrientationLandscapeRight";
				LD_RUNPATH_SEARCH_PATHS = (
					"$(inherited)",
					"@executable_path/Frameworks",
				);
				MARKETING_VERSION = 1.0;
				PRODUCT_BUNDLE_IDENTIFIER = io.dawlab.Goals;
				PRODUCT_NAME = "$(TARGET_NAME)";
				SUPPORTED_PLATFORMS = "iphoneos iphonesimulator";
				SUPPORTS_MACCATALYST = NO;
				SUPPORTS_MAC_DESIGNED_FOR_IPHONE_IPAD = NO;
				SWIFT_EMIT_LOC_STRINGS = YES;
				SWIFT_VERSION = 5.0;
				TARGETED_DEVICE_FAMILY = 1;
			};
			name = Release;
		};
/* End XCBuildConfiguration section */

/* Begin XCConfigurationList section */
		BDB5BAF72A2B7E5600B16C57 /* Build configuration list for PBXProject "Goals" */ = {
			isa = XCConfigurationList;
			buildConfigurations = (
				BDB5BB082A2B7E5800B16C57 /* Debug */,
				BDB5BB092A2B7E5800B16C57 /* Release */,
			);
			defaultConfigurationIsVisible = 0;
			defaultConfigurationName = Release;
		};
		BDB5BB0A2A2B7E5800B16C57 /* Build configuration list for PBXNativeTarget "Goals" */ = {
			isa = XCConfigurationList;
			buildConfigurations = (
				BDB5BB0B2A2B7E5800B16C57 /* Debug */,
				BDB5BB0C2A2B7E5800B16C57 /* Release */,
			);
			defaultConfigurationIsVisible = 0;
			defaultConfigurationName = Release;
		};
/* End XCConfigurationList section */

/* Begin XCRemoteSwiftPackageReference section */
		BDB5BB0F2A2B7EBA00B16C57 /* XCRemoteSwiftPackageReference "realm-swift" */ = {
			isa = XCRemoteSwiftPackageReference;
			repositoryURL = "https://github.com/realm/realm-swift.git";
			requirement = {
				branch = master;
				kind = branch;
			};
		};
		BDB5BB3F2A34B54900B16C57 /* XCRemoteSwiftPackageReference "L10n-swift" */ = {
			isa = XCRemoteSwiftPackageReference;
			repositoryURL = "https://github.com/Decybel07/L10n-swift.git";
			requirement = {
				kind = upToNextMajorVersion;
				minimumVersion = 5.0.0;
			};
		};
/* End XCRemoteSwiftPackageReference section */

/* Begin XCSwiftPackageProductDependency section */
		BDB5BB102A2B7EBA00B16C57 /* Realm */ = {
			isa = XCSwiftPackageProductDependency;
			package = BDB5BB0F2A2B7EBA00B16C57 /* XCRemoteSwiftPackageReference "realm-swift" */;
			productName = Realm;
		};
		BDB5BB122A2B7EBA00B16C57 /* RealmSwift */ = {
			isa = XCSwiftPackageProductDependency;
			package = BDB5BB0F2A2B7EBA00B16C57 /* XCRemoteSwiftPackageReference "realm-swift" */;
			productName = RealmSwift;
		};
		BDB5BB402A34B54900B16C57 /* L10n-swift */ = {
			isa = XCSwiftPackageProductDependency;
			package = BDB5BB3F2A34B54900B16C57 /* XCRemoteSwiftPackageReference "L10n-swift" */;
			productName = "L10n-swift";
		};
/* End XCSwiftPackageProductDependency section */
	};
	rootObject = BDB5BAF42A2B7E5600B16C57 /* Project object */;
}
