{
  "pins" : [
    {
      "identity" : "l10n-swift",
      "kind" : "remoteSourceControl",
      "location" : "https://github.com/Decybel07/L10n-swift.git",
      "state" : {
        "revision" : "813aa7229b7e32e2cc579055bdc6ac2195c72ff9",
        "version" : "5.10.2"
      }
    },
    {
      "identity" : "realm-core",
      "kind" : "remoteSourceControl",
      "location" : "https://github.com/realm/realm-core.git",
      "state" : {
        "revision" : "36b2df44453ba5e830369c76ab0683799a287605",
        "version" : "13.13.0"
      }
    },
    {
      "identity" : "realm-swift",
      "kind" : "remoteSourceControl",
      "location" : "https://github.com/realm/realm-swift.git",
      "state" : {
        "branch" : "master",
        "revision" : "eed598a7aa9b56fcf7273ea4279a516af8f7d3f3"
      }
    }
  ],
  "version" : 2
}
